// !$*UTF8*$!
{
	archiveVersion = 1;
	classes = {
	};
	objectVersion = 46;
	objects = {

/* Begin PBXBuildFile section */
		D25FAC0F1DB42AD9001860A0 /* APIService.swift in Sources */ = {isa = PBXBuildFile; fileRef = D25FAC0E1DB42AD9001860A0 /* APIService.swift */; };
		D25FAC111DB42EF0001860A0 /* Parser.swift in Sources */ = {isa = PBXBuildFile; fileRef = D25FAC101DB42EF0001860A0 /* Parser.swift */; };
		D25FAC131DB43374001860A0 /* MakeTrailArray.swift in Sources */ = {isa = PBXBuildFile; fileRef = D25FAC121DB43374001860A0 /* MakeTrailArray.swift */; };
		D27E6F301D87575C00F5B48C /* Stack.swift in Sources */ = {isa = PBXBuildFile; fileRef = D27E6F2F1D87575C00F5B48C /* Stack.swift */; };
		D27E6F341D87593E00F5B48C /* Person.swift in Sources */ = {isa = PBXBuildFile; fileRef = D27E6F321D87593E00F5B48C /* Person.swift */; };
		D27E6F371D8759D200F5B48C /* SaveAndFetch.swift in Sources */ = {isa = PBXBuildFile; fileRef = D27E6F361D8759D200F5B48C /* SaveAndFetch.swift */; };
		D29891BB1DCB8CF200DE718F /* Cocogoose Letterpress.ttf in Resources */ = {isa = PBXBuildFile; fileRef = D29891BA1DCB8C6400DE718F /* Cocogoose Letterpress.ttf */; };
		D2A198E81DE647840008CCC3 /* ProfileViewController.swift in Sources */ = {isa = PBXBuildFile; fileRef = D2A198E71DE647840008CCC3 /* ProfileViewController.swift */; };
		D2A198EA1DE649E30008CCC3 /* AddTrailViewController.swift in Sources */ = {isa = PBXBuildFile; fileRef = D2A198E91DE649E30008CCC3 /* AddTrailViewController.swift */; };
		D2A649131D79AF2100ACDF85 /* AppDelegate.swift in Sources */ = {isa = PBXBuildFile; fileRef = D2A649121D79AF2100ACDF85 /* AppDelegate.swift */; };
		D2A649181D79AF2100ACDF85 /* Main.storyboard in Resources */ = {isa = PBXBuildFile; fileRef = D2A649161D79AF2100ACDF85 /* Main.storyboard */; };
		D2A6491B1D79AF2100ACDF85 /* TrailLocator.xcdatamodeld in Sources */ = {isa = PBXBuildFile; fileRef = D2A649191D79AF2100ACDF85 /* TrailLocator.xcdatamodeld */; };
		D2A6491D1D79AF2100ACDF85 /* Assets.xcassets in Resources */ = {isa = PBXBuildFile; fileRef = D2A6491C1D79AF2100ACDF85 /* Assets.xcassets */; };
		D2A649201D79AF2100ACDF85 /* LaunchScreen.storyboard in Resources */ = {isa = PBXBuildFile; fileRef = D2A6491E1D79AF2100ACDF85 /* LaunchScreen.storyboard */; };
		D2A6492B1D79AF2100ACDF85 /* TrailLocatorTests.swift in Sources */ = {isa = PBXBuildFile; fileRef = D2A6492A1D79AF2100ACDF85 /* TrailLocatorTests.swift */; };
		D2A649361D79AF2100ACDF85 /* TrailLocatorUITests.swift in Sources */ = {isa = PBXBuildFile; fileRef = D2A649351D79AF2100ACDF85 /* TrailLocatorUITests.swift */; };
		D2A649451D79B1ED00ACDF85 /* Reachable.swift in Sources */ = {isa = PBXBuildFile; fileRef = D2A649441D79B1ED00ACDF85 /* Reachable.swift */; };
		D2A649491D79B20000ACDF85 /* JsonDigger.swift in Sources */ = {isa = PBXBuildFile; fileRef = D2A649481D79B20000ACDF85 /* JsonDigger.swift */; };
		D2A6494B1D79B20F00ACDF85 /* String + extensions.swift in Sources */ = {isa = PBXBuildFile; fileRef = D2A6494A1D79B20F00ACDF85 /* String + extensions.swift */; };
		D2A6494D1D79B21500ACDF85 /* UIImageView+Extensions.swift in Sources */ = {isa = PBXBuildFile; fileRef = D2A6494C1D79B21500ACDF85 /* UIImageView+Extensions.swift */; };
		D2A6494F1D79B21B00ACDF85 /* PropertySorter.swift in Sources */ = {isa = PBXBuildFile; fileRef = D2A6494E1D79B21B00ACDF85 /* PropertySorter.swift */; };
		D2A649511D79B22400ACDF85 /* MapTrail.swift in Sources */ = {isa = PBXBuildFile; fileRef = D2A649501D79B22400ACDF85 /* MapTrail.swift */; };
		D2A649531D79B22B00ACDF85 /* UIColor + Extensions.swift in Sources */ = {isa = PBXBuildFile; fileRef = D2A649521D79B22B00ACDF85 /* UIColor + Extensions.swift */; };
		D2A6495C1D79B2FC00ACDF85 /* TrailDict.swift in Sources */ = {isa = PBXBuildFile; fileRef = D2A6495B1D79B2FC00ACDF85 /* TrailDict.swift */; };
		D2A649641D79B38C00ACDF85 /* TableViewController.swift in Sources */ = {isa = PBXBuildFile; fileRef = D2A649631D79B38C00ACDF85 /* TableViewController.swift */; };
		D2A649661D79B39C00ACDF85 /* DetailTableView.swift in Sources */ = {isa = PBXBuildFile; fileRef = D2A649651D79B39C00ACDF85 /* DetailTableView.swift */; };
		D2A649681D79B3B500ACDF85 /* SettingsViewController.swift in Sources */ = {isa = PBXBuildFile; fileRef = D2A649671D79B3B500ACDF85 /* SettingsViewController.swift */; };
		D2A6496A1D79B3C100ACDF85 /* WebViewController.swift in Sources */ = {isa = PBXBuildFile; fileRef = D2A649691D79B3C100ACDF85 /* WebViewController.swift */; };
		D2A6496C1D79B3F400ACDF85 /* ConfigureCell.swift in Sources */ = {isa = PBXBuildFile; fileRef = D2A6496B1D79B3F400ACDF85 /* ConfigureCell.swift */; };
		D2A6496E1D79B42100ACDF85 /* CustomCell.swift in Sources */ = {isa = PBXBuildFile; fileRef = D2A6496D1D79B42100ACDF85 /* CustomCell.swift */; };
		D2A649701D79B42F00ACDF85 /* DetailCell.swift in Sources */ = {isa = PBXBuildFile; fileRef = D2A6496F1D79B42F00ACDF85 /* DetailCell.swift */; };
		D2A649721D79B43E00ACDF85 /* SettingsCell.swift in Sources */ = {isa = PBXBuildFile; fileRef = D2A649711D79B43E00ACDF85 /* SettingsCell.swift */; };
		D2A649751D79B4D500ACDF85 /* CustomCell.xib in Resources */ = {isa = PBXBuildFile; fileRef = D2A649741D79B4D500ACDF85 /* CustomCell.xib */; };
		D2A649771D79B4DD00ACDF85 /* DetailCell.xib in Resources */ = {isa = PBXBuildFile; fileRef = D2A649761D79B4DD00ACDF85 /* DetailCell.xib */; };
		D2A649791D79B4E800ACDF85 /* SettingsCell.xib in Resources */ = {isa = PBXBuildFile; fileRef = D2A649781D79B4E800ACDF85 /* SettingsCell.xib */; };
		D2A6497C1D79B8A800ACDF85 /* FirebaseCalls.swift in Sources */ = {isa = PBXBuildFile; fileRef = D2A6497B1D79B8A800ACDF85 /* FirebaseCalls.swift */; };
		D2A6497E1D79BA0200ACDF85 /* GoogleService-Info.plist in Resources */ = {isa = PBXBuildFile; fileRef = D2A6497D1D79BA0200ACDF85 /* GoogleService-Info.plist */; };
		D2AC10DC1DE5F3F800CFC8BF /* Constants.swift in Sources */ = {isa = PBXBuildFile; fileRef = D2AC10DB1DE5F3F800CFC8BF /* Constants.swift */; };
		D2B5290E1DEE077B00510BDE /* UIView+extensions.swift in Sources */ = {isa = PBXBuildFile; fileRef = D2B5290D1DEE077B00510BDE /* UIView+extensions.swift */; };
		D2C71C261D8DCAC40093BA81 /* FirebaseAuth.swift in Sources */ = {isa = PBXBuildFile; fileRef = D2C71C251D8DCAC40093BA81 /* FirebaseAuth.swift */; };
		D2CAC3F01D7EFB920017E909 /* RegisterViewController.swift in Sources */ = {isa = PBXBuildFile; fileRef = D2CAC3EF1D7EFB920017E909 /* RegisterViewController.swift */; };
		D9BB5B4616765697322D026D /* Pods_TrailLocator.framework in Frameworks */ = {isa = PBXBuildFile; fileRef = A842574EC0783259CC93DEAC /* Pods_TrailLocator.framework */; };
/* End PBXBuildFile section */

/* Begin PBXContainerItemProxy section */
		D2A649271D79AF2100ACDF85 /* PBXContainerItemProxy */ = {
			isa = PBXContainerItemProxy;
			containerPortal = D2A649071D79AF2100ACDF85 /* Project object */;
			proxyType = 1;
			remoteGlobalIDString = D2A6490E1D79AF2100ACDF85;
			remoteInfo = TrailLocator;
		};
		D2A649321D79AF2100ACDF85 /* PBXContainerItemProxy */ = {
			isa = PBXContainerItemProxy;
			containerPortal = D2A649071D79AF2100ACDF85 /* Project object */;
			proxyType = 1;
			remoteGlobalIDString = D2A6490E1D79AF2100ACDF85;
			remoteInfo = TrailLocator;
		};
/* End PBXContainerItemProxy section */

/* Begin PBXFileReference section */
		0035F1510C6568863E2E11A9 /* Pods-TrailLocator.debug.xcconfig */ = {isa = PBXFileReference; includeInIndex = 1; lastKnownFileType = text.xcconfig; name = "Pods-TrailLocator.debug.xcconfig"; path = "Pods/Target Support Files/Pods-TrailLocator/Pods-TrailLocator.debug.xcconfig"; sourceTree = "<group>"; };
		55483331993F358EF5F8670F /* Pods-TrailLocator.release.xcconfig */ = {isa = PBXFileReference; includeInIndex = 1; lastKnownFileType = text.xcconfig; name = "Pods-TrailLocator.release.xcconfig"; path = "Pods/Target Support Files/Pods-TrailLocator/Pods-TrailLocator.release.xcconfig"; sourceTree = "<group>"; };
		A842574EC0783259CC93DEAC /* Pods_TrailLocator.framework */ = {isa = PBXFileReference; explicitFileType = wrapper.framework; includeInIndex = 0; path = Pods_TrailLocator.framework; sourceTree = BUILT_PRODUCTS_DIR; };
		D20188BC1DE509C7001CCE05 /* TrailLocator-Bridging-Header.h */ = {isa = PBXFileReference; lastKnownFileType = sourcecode.c.h; path = "TrailLocator-Bridging-Header.h"; sourceTree = "<group>"; };
		D25FAC0E1DB42AD9001860A0 /* APIService.swift */ = {isa = PBXFileReference; fileEncoding = 4; lastKnownFileType = sourcecode.swift; path = APIService.swift; sourceTree = "<group>"; };
		D25FAC101DB42EF0001860A0 /* Parser.swift */ = {isa = PBXFileReference; fileEncoding = 4; lastKnownFileType = sourcecode.swift; path = Parser.swift; sourceTree = "<group>"; };
		D25FAC121DB43374001860A0 /* MakeTrailArray.swift */ = {isa = PBXFileReference; fileEncoding = 4; lastKnownFileType = sourcecode.swift; path = MakeTrailArray.swift; sourceTree = "<group>"; };
		D27E6F2F1D87575C00F5B48C /* Stack.swift */ = {isa = PBXFileReference; fileEncoding = 4; lastKnownFileType = sourcecode.swift; path = Stack.swift; sourceTree = "<group>"; };
		D27E6F321D87593E00F5B48C /* Person.swift */ = {isa = PBXFileReference; fileEncoding = 4; lastKnownFileType = sourcecode.swift; name = Person.swift; path = ../Person.swift; sourceTree = "<group>"; };
		D27E6F361D8759D200F5B48C /* SaveAndFetch.swift */ = {isa = PBXFileReference; fileEncoding = 4; lastKnownFileType = sourcecode.swift; path = SaveAndFetch.swift; sourceTree = "<group>"; };
		D2832EF51DD0BEBC00CFD92D /* TrailLocator.entitlements */ = {isa = PBXFileReference; lastKnownFileType = text.plist.entitlements; path = TrailLocator.entitlements; sourceTree = "<group>"; };
		D29891BA1DCB8C6400DE718F /* Cocogoose Letterpress.ttf */ = {isa = PBXFileReference; lastKnownFileType = file; path = "Cocogoose Letterpress.ttf"; sourceTree = "<group>"; };
		D2A198E71DE647840008CCC3 /* ProfileViewController.swift */ = {isa = PBXFileReference; fileEncoding = 4; lastKnownFileType = sourcecode.swift; path = ProfileViewController.swift; sourceTree = "<group>"; };
		D2A198E91DE649E30008CCC3 /* AddTrailViewController.swift */ = {isa = PBXFileReference; fileEncoding = 4; lastKnownFileType = sourcecode.swift; path = AddTrailViewController.swift; sourceTree = "<group>"; };
		D2A6490F1D79AF2100ACDF85 /* TrailLocator.app */ = {isa = PBXFileReference; explicitFileType = wrapper.application; includeInIndex = 0; path = TrailLocator.app; sourceTree = BUILT_PRODUCTS_DIR; };
		D2A649121D79AF2100ACDF85 /* AppDelegate.swift */ = {isa = PBXFileReference; lastKnownFileType = sourcecode.swift; path = AppDelegate.swift; sourceTree = "<group>"; };
		D2A649171D79AF2100ACDF85 /* Base */ = {isa = PBXFileReference; lastKnownFileType = file.storyboard; name = Base; path = Base.lproj/Main.storyboard; sourceTree = "<group>"; };
		D2A6491A1D79AF2100ACDF85 /* TrailLocator.xcdatamodel */ = {isa = PBXFileReference; lastKnownFileType = wrapper.xcdatamodel; path = TrailLocator.xcdatamodel; sourceTree = "<group>"; };
		D2A6491C1D79AF2100ACDF85 /* Assets.xcassets */ = {isa = PBXFileReference; lastKnownFileType = folder.assetcatalog; path = Assets.xcassets; sourceTree = "<group>"; };
		D2A6491F1D79AF2100ACDF85 /* Base */ = {isa = PBXFileReference; lastKnownFileType = file.storyboard; name = Base; path = Base.lproj/LaunchScreen.storyboard; sourceTree = "<group>"; };
		D2A649211D79AF2100ACDF85 /* Info.plist */ = {isa = PBXFileReference; lastKnownFileType = text.plist.xml; path = Info.plist; sourceTree = "<group>"; };
		D2A649261D79AF2100ACDF85 /* TrailLocatorTests.xctest */ = {isa = PBXFileReference; explicitFileType = wrapper.cfbundle; includeInIndex = 0; path = TrailLocatorTests.xctest; sourceTree = BUILT_PRODUCTS_DIR; };
		D2A6492A1D79AF2100ACDF85 /* TrailLocatorTests.swift */ = {isa = PBXFileReference; lastKnownFileType = sourcecode.swift; path = TrailLocatorTests.swift; sourceTree = "<group>"; };
		D2A6492C1D79AF2100ACDF85 /* Info.plist */ = {isa = PBXFileReference; lastKnownFileType = text.plist.xml; path = Info.plist; sourceTree = "<group>"; };
		D2A649311D79AF2100ACDF85 /* TrailLocatorUITests.xctest */ = {isa = PBXFileReference; explicitFileType = wrapper.cfbundle; includeInIndex = 0; path = TrailLocatorUITests.xctest; sourceTree = BUILT_PRODUCTS_DIR; };
		D2A649351D79AF2100ACDF85 /* TrailLocatorUITests.swift */ = {isa = PBXFileReference; lastKnownFileType = sourcecode.swift; path = TrailLocatorUITests.swift; sourceTree = "<group>"; };
		D2A649371D79AF2100ACDF85 /* Info.plist */ = {isa = PBXFileReference; lastKnownFileType = text.plist.xml; path = Info.plist; sourceTree = "<group>"; };
		D2A649441D79B1ED00ACDF85 /* Reachable.swift */ = {isa = PBXFileReference; fileEncoding = 4; lastKnownFileType = sourcecode.swift; path = Reachable.swift; sourceTree = "<group>"; };
		D2A649481D79B20000ACDF85 /* JsonDigger.swift */ = {isa = PBXFileReference; fileEncoding = 4; lastKnownFileType = sourcecode.swift; path = JsonDigger.swift; sourceTree = "<group>"; };
		D2A6494A1D79B20F00ACDF85 /* String + extensions.swift */ = {isa = PBXFileReference; fileEncoding = 4; lastKnownFileType = sourcecode.swift; path = "String + extensions.swift"; sourceTree = "<group>"; };
		D2A6494C1D79B21500ACDF85 /* UIImageView+Extensions.swift */ = {isa = PBXFileReference; fileEncoding = 4; lastKnownFileType = sourcecode.swift; path = "UIImageView+Extensions.swift"; sourceTree = "<group>"; };
		D2A6494E1D79B21B00ACDF85 /* PropertySorter.swift */ = {isa = PBXFileReference; fileEncoding = 4; lastKnownFileType = sourcecode.swift; path = PropertySorter.swift; sourceTree = "<group>"; };
		D2A649501D79B22400ACDF85 /* MapTrail.swift */ = {isa = PBXFileReference; fileEncoding = 4; lastKnownFileType = sourcecode.swift; path = MapTrail.swift; sourceTree = "<group>"; };
		D2A649521D79B22B00ACDF85 /* UIColor + Extensions.swift */ = {isa = PBXFileReference; fileEncoding = 4; lastKnownFileType = sourcecode.swift; path = "UIColor + Extensions.swift"; sourceTree = "<group>"; };
		D2A6495B1D79B2FC00ACDF85 /* TrailDict.swift */ = {isa = PBXFileReference; fileEncoding = 4; lastKnownFileType = sourcecode.swift; path = TrailDict.swift; sourceTree = "<group>"; };
		D2A649631D79B38C00ACDF85 /* TableViewController.swift */ = {isa = PBXFileReference; fileEncoding = 4; lastKnownFileType = sourcecode.swift; path = TableViewController.swift; sourceTree = "<group>"; };
		D2A649651D79B39C00ACDF85 /* DetailTableView.swift */ = {isa = PBXFileReference; fileEncoding = 4; lastKnownFileType = sourcecode.swift; path = DetailTableView.swift; sourceTree = "<group>"; };
		D2A649671D79B3B500ACDF85 /* SettingsViewController.swift */ = {isa = PBXFileReference; fileEncoding = 4; lastKnownFileType = sourcecode.swift; path = SettingsViewController.swift; sourceTree = "<group>"; };
		D2A649691D79B3C100ACDF85 /* WebViewController.swift */ = {isa = PBXFileReference; fileEncoding = 4; lastKnownFileType = sourcecode.swift; path = WebViewController.swift; sourceTree = "<group>"; };
		D2A6496B1D79B3F400ACDF85 /* ConfigureCell.swift */ = {isa = PBXFileReference; fileEncoding = 4; lastKnownFileType = sourcecode.swift; path = ConfigureCell.swift; sourceTree = "<group>"; };
		D2A6496D1D79B42100ACDF85 /* CustomCell.swift */ = {isa = PBXFileReference; fileEncoding = 4; lastKnownFileType = sourcecode.swift; path = CustomCell.swift; sourceTree = "<group>"; };
		D2A6496F1D79B42F00ACDF85 /* DetailCell.swift */ = {isa = PBXFileReference; fileEncoding = 4; lastKnownFileType = sourcecode.swift; path = DetailCell.swift; sourceTree = "<group>"; };
		D2A649711D79B43E00ACDF85 /* SettingsCell.swift */ = {isa = PBXFileReference; fileEncoding = 4; lastKnownFileType = sourcecode.swift; path = SettingsCell.swift; sourceTree = "<group>"; };
		D2A649741D79B4D500ACDF85 /* CustomCell.xib */ = {isa = PBXFileReference; fileEncoding = 4; lastKnownFileType = file.xib; path = CustomCell.xib; sourceTree = "<group>"; };
		D2A649761D79B4DD00ACDF85 /* DetailCell.xib */ = {isa = PBXFileReference; fileEncoding = 4; lastKnownFileType = file.xib; path = DetailCell.xib; sourceTree = "<group>"; };
		D2A649781D79B4E800ACDF85 /* SettingsCell.xib */ = {isa = PBXFileReference; fileEncoding = 4; lastKnownFileType = file.xib; path = SettingsCell.xib; sourceTree = "<group>"; };
		D2A6497B1D79B8A800ACDF85 /* FirebaseCalls.swift */ = {isa = PBXFileReference; fileEncoding = 4; lastKnownFileType = sourcecode.swift; path = FirebaseCalls.swift; sourceTree = "<group>"; };
		D2A6497D1D79BA0200ACDF85 /* GoogleService-Info.plist */ = {isa = PBXFileReference; fileEncoding = 4; lastKnownFileType = text.plist.xml; path = "GoogleService-Info.plist"; sourceTree = "<group>"; };
		D2AC10DB1DE5F3F800CFC8BF /* Constants.swift */ = {isa = PBXFileReference; fileEncoding = 4; lastKnownFileType = sourcecode.swift; path = Constants.swift; sourceTree = "<group>"; };
		D2B5290D1DEE077B00510BDE /* UIView+extensions.swift */ = {isa = PBXFileReference; fileEncoding = 4; lastKnownFileType = sourcecode.swift; path = "UIView+extensions.swift"; sourceTree = "<group>"; };
		D2C71C251D8DCAC40093BA81 /* FirebaseAuth.swift */ = {isa = PBXFileReference; fileEncoding = 4; lastKnownFileType = sourcecode.swift; path = FirebaseAuth.swift; sourceTree = "<group>"; };
		D2CAC3EF1D7EFB920017E909 /* RegisterViewController.swift */ = {isa = PBXFileReference; fileEncoding = 4; lastKnownFileType = sourcecode.swift; path = RegisterViewController.swift; sourceTree = "<group>"; };
/* End PBXFileReference section */

/* Begin PBXFrameworksBuildPhase section */
		D2A6490C1D79AF2100ACDF85 /* Frameworks */ = {
			isa = PBXFrameworksBuildPhase;
			buildActionMask = 2147483647;
			files = (
				D9BB5B4616765697322D026D /* Pods_TrailLocator.framework in Frameworks */,
			);
			runOnlyForDeploymentPostprocessing = 0;
		};
		D2A649231D79AF2100ACDF85 /* Frameworks */ = {
			isa = PBXFrameworksBuildPhase;
			buildActionMask = 2147483647;
			files = (
			);
			runOnlyForDeploymentPostprocessing = 0;
		};
		D2A6492E1D79AF2100ACDF85 /* Frameworks */ = {
			isa = PBXFrameworksBuildPhase;
			buildActionMask = 2147483647;
			files = (
			);
			runOnlyForDeploymentPostprocessing = 0;
		};
/* End PBXFrameworksBuildPhase section */

/* Begin PBXGroup section */
		392BACFD049B1A860E1B37D9 /* Pods */ = {
			isa = PBXGroup;
			children = (
				0035F1510C6568863E2E11A9 /* Pods-TrailLocator.debug.xcconfig */,
				55483331993F358EF5F8670F /* Pods-TrailLocator.release.xcconfig */,
			);
			name = Pods;
			sourceTree = "<group>";
		};
		76F34D014FDB17262E007803 /* Frameworks */ = {
			isa = PBXGroup;
			children = (
				A842574EC0783259CC93DEAC /* Pods_TrailLocator.framework */,
			);
			name = Frameworks;
			sourceTree = "<group>";
		};
		D27E6F351D8759B200F5B48C /* CoreData */ = {
			isa = PBXGroup;
			children = (
				D27E6F2F1D87575C00F5B48C /* Stack.swift */,
				D2A649191D79AF2100ACDF85 /* TrailLocator.xcdatamodeld */,
				D27E6F361D8759D200F5B48C /* SaveAndFetch.swift */,
			);
			name = CoreData;
			sourceTree = "<group>";
		};
		D2A649061D79AF2100ACDF85 = {
			isa = PBXGroup;
			children = (
				D2A649111D79AF2100ACDF85 /* TrailLocator */,
				D2A649291D79AF2100ACDF85 /* TrailLocatorTests */,
				D2A649341D79AF2100ACDF85 /* TrailLocatorUITests */,
				D2A649101D79AF2100ACDF85 /* Products */,
				392BACFD049B1A860E1B37D9 /* Pods */,
				76F34D014FDB17262E007803 /* Frameworks */,
			);
			sourceTree = "<group>";
		};
		D2A649101D79AF2100ACDF85 /* Products */ = {
			isa = PBXGroup;
			children = (
				D2A6490F1D79AF2100ACDF85 /* TrailLocator.app */,
				D2A649261D79AF2100ACDF85 /* TrailLocatorTests.xctest */,
				D2A649311D79AF2100ACDF85 /* TrailLocatorUITests.xctest */,
			);
			name = Products;
			sourceTree = "<group>";
		};
		D2A649111D79AF2100ACDF85 /* TrailLocator */ = {
			isa = PBXGroup;
			children = (
				D2832EF51DD0BEBC00CFD92D /* TrailLocator.entitlements */,
				D2A6497A1D79B89800ACDF85 /* Firebase */,
				D2A649731D79B4A700ACDF85 /* UIFiles */,
				D2A649621D79B37400ACDF85 /* ViewControllers + Cells */,
				D2A6495D1D79B31200ACDF85 /* WebServices */,
				D2A6495A1D79B2E300ACDF85 /* Models */,
				D2A649431D79B1DE00ACDF85 /* Utilities */,
				D2A649121D79AF2100ACDF85 /* AppDelegate.swift */,
				D2A649161D79AF2100ACDF85 /* Main.storyboard */,
				D2A6491C1D79AF2100ACDF85 /* Assets.xcassets */,
				D29891BA1DCB8C6400DE718F /* Cocogoose Letterpress.ttf */,
				D2A6491E1D79AF2100ACDF85 /* LaunchScreen.storyboard */,
				D2A6497D1D79BA0200ACDF85 /* GoogleService-Info.plist */,
				D2A649211D79AF2100ACDF85 /* Info.plist */,
				D20188BC1DE509C7001CCE05 /* TrailLocator-Bridging-Header.h */,
			);
			path = TrailLocator;
			sourceTree = "<group>";
		};
		D2A649291D79AF2100ACDF85 /* TrailLocatorTests */ = {
			isa = PBXGroup;
			children = (
				D2A6492A1D79AF2100ACDF85 /* TrailLocatorTests.swift */,
				D2A6492C1D79AF2100ACDF85 /* Info.plist */,
			);
			path = TrailLocatorTests;
			sourceTree = "<group>";
		};
		D2A649341D79AF2100ACDF85 /* TrailLocatorUITests */ = {
			isa = PBXGroup;
			children = (
				D2A649351D79AF2100ACDF85 /* TrailLocatorUITests.swift */,
				D2A649371D79AF2100ACDF85 /* Info.plist */,
			);
			path = TrailLocatorUITests;
			sourceTree = "<group>";
		};
		D2A649431D79B1DE00ACDF85 /* Utilities */ = {
			isa = PBXGroup;
			children = (
				D27E6F351D8759B200F5B48C /* CoreData */,
				D2A6496B1D79B3F400ACDF85 /* ConfigureCell.swift */,
				D2A649441D79B1ED00ACDF85 /* Reachable.swift */,
				D2A6494A1D79B20F00ACDF85 /* String + extensions.swift */,
				D2A6494C1D79B21500ACDF85 /* UIImageView+Extensions.swift */,
				D2A6494E1D79B21B00ACDF85 /* PropertySorter.swift */,
				D2A649501D79B22400ACDF85 /* MapTrail.swift */,
				D2AC10DB1DE5F3F800CFC8BF /* Constants.swift */,
				D2B5290D1DEE077B00510BDE /* UIView+extensions.swift */,
			);
			name = Utilities;
			sourceTree = "<group>";
		};
		D2A6495A1D79B2E300ACDF85 /* Models */ = {
			isa = PBXGroup;
			children = (
				D2A649521D79B22B00ACDF85 /* UIColor + Extensions.swift */,
				D27E6F321D87593E00F5B48C /* Person.swift */,
				D2A6495B1D79B2FC00ACDF85 /* TrailDict.swift */,
			);
			name = Models;
			sourceTree = "<group>";
		};
		D2A6495D1D79B31200ACDF85 /* WebServices */ = {
			isa = PBXGroup;
			children = (
				D25FAC0E1DB42AD9001860A0 /* APIService.swift */,
				D25FAC101DB42EF0001860A0 /* Parser.swift */,
				D25FAC121DB43374001860A0 /* MakeTrailArray.swift */,
				D2A649481D79B20000ACDF85 /* JsonDigger.swift */,
			);
			name = WebServices;
			sourceTree = "<group>";
		};
		D2A649621D79B37400ACDF85 /* ViewControllers + Cells */ = {
			isa = PBXGroup;
			children = (
				D2A649631D79B38C00ACDF85 /* TableViewController.swift */,
				D2A649651D79B39C00ACDF85 /* DetailTableView.swift */,
				D2A649671D79B3B500ACDF85 /* SettingsViewController.swift */,
				D2A649691D79B3C100ACDF85 /* WebViewController.swift */,
				D2A6496D1D79B42100ACDF85 /* CustomCell.swift */,
				D2A6496F1D79B42F00ACDF85 /* DetailCell.swift */,
				D2A649711D79B43E00ACDF85 /* SettingsCell.swift */,
				D2CAC3EF1D7EFB920017E909 /* RegisterViewController.swift */,
				D2A198E71DE647840008CCC3 /* ProfileViewController.swift */,
				D2A198E91DE649E30008CCC3 /* AddTrailViewController.swift */,
			);
			name = "ViewControllers + Cells";
			sourceTree = "<group>";
		};
		D2A649731D79B4A700ACDF85 /* UIFiles */ = {
			isa = PBXGroup;
			children = (
				D2A649741D79B4D500ACDF85 /* CustomCell.xib */,
				D2A649761D79B4DD00ACDF85 /* DetailCell.xib */,
				D2A649781D79B4E800ACDF85 /* SettingsCell.xib */,
			);
			name = UIFiles;
			sourceTree = "<group>";
		};
		D2A6497A1D79B89800ACDF85 /* Firebase */ = {
			isa = PBXGroup;
			children = (
				D2A6497B1D79B8A800ACDF85 /* FirebaseCalls.swift */,
				D2C71C251D8DCAC40093BA81 /* FirebaseAuth.swift */,
			);
			name = Firebase;
			sourceTree = "<group>";
		};
/* End PBXGroup section */

/* Begin PBXNativeTarget section */
		D2A6490E1D79AF2100ACDF85 /* TrailLocator */ = {
			isa = PBXNativeTarget;
			buildConfigurationList = D2A6493A1D79AF2100ACDF85 /* Build configuration list for PBXNativeTarget "TrailLocator" */;
			buildPhases = (
				0E2161F4DD20EC47FAAB116B /* [CP] Check Pods Manifest.lock */,
				D2A6490B1D79AF2100ACDF85 /* Sources */,
				D2A6490C1D79AF2100ACDF85 /* Frameworks */,
				D2A6490D1D79AF2100ACDF85 /* Resources */,
				6299B5531D2B6389770CE39D /* [CP] Embed Pods Frameworks */,
				2378A9ABD2849F616D769502 /* [CP] Copy Pods Resources */,
			);
			buildRules = (
			);
			dependencies = (
			);
			name = TrailLocator;
			productName = TrailLocator;
			productReference = D2A6490F1D79AF2100ACDF85 /* TrailLocator.app */;
			productType = "com.apple.product-type.application";
		};
		D2A649251D79AF2100ACDF85 /* TrailLocatorTests */ = {
			isa = PBXNativeTarget;
			buildConfigurationList = D2A6493D1D79AF2100ACDF85 /* Build configuration list for PBXNativeTarget "TrailLocatorTests" */;
			buildPhases = (
				8F4CDD742D2882D9F894E60B /* [CP] Check Pods Manifest.lock */,
				D2A649221D79AF2100ACDF85 /* Sources */,
				D2A649231D79AF2100ACDF85 /* Frameworks */,
				D2A649241D79AF2100ACDF85 /* Resources */,
				1F75FBF35C64465C1786C939 /* [CP] Embed Pods Frameworks */,
				A45AE3DECF25C6165F0C0DFF /* [CP] Copy Pods Resources */,
			);
			buildRules = (
			);
			dependencies = (
				D2A649281D79AF2100ACDF85 /* PBXTargetDependency */,
			);
			name = TrailLocatorTests;
			productName = TrailLocatorTests;
			productReference = D2A649261D79AF2100ACDF85 /* TrailLocatorTests.xctest */;
			productType = "com.apple.product-type.bundle.unit-test";
		};
		D2A649301D79AF2100ACDF85 /* TrailLocatorUITests */ = {
			isa = PBXNativeTarget;
			buildConfigurationList = D2A649401D79AF2100ACDF85 /* Build configuration list for PBXNativeTarget "TrailLocatorUITests" */;
			buildPhases = (
				BA65594F95548A1A04C9C4C3 /* [CP] Check Pods Manifest.lock */,
				D2A6492D1D79AF2100ACDF85 /* Sources */,
				D2A6492E1D79AF2100ACDF85 /* Frameworks */,
				D2A6492F1D79AF2100ACDF85 /* Resources */,
				8E6B2514855204398B12E885 /* [CP] Copy Pods Resources */,
			);
			buildRules = (
			);
			dependencies = (
				D2A649331D79AF2100ACDF85 /* PBXTargetDependency */,
			);
			name = TrailLocatorUITests;
			productName = TrailLocatorUITests;
			productReference = D2A649311D79AF2100ACDF85 /* TrailLocatorUITests.xctest */;
			productType = "com.apple.product-type.bundle.ui-testing";
		};
/* End PBXNativeTarget section */

/* Begin PBXProject section */
		D2A649071D79AF2100ACDF85 /* Project object */ = {
			isa = PBXProject;
			attributes = {
				LastSwiftUpdateCheck = 0730;
				LastUpgradeCheck = 0800;
				ORGANIZATIONNAME = "Jon Thornburg";
				TargetAttributes = {
					D2A6490E1D79AF2100ACDF85 = {
						CreatedOnToolsVersion = 7.3.1;
						DevelopmentTeam = 5XL94NV2G5;
						LastSwiftMigration = 0810;
						SystemCapabilities = {
							com.apple.Keychain = {
								enabled = 1;
							};
							com.apple.SafariKeychain = {
								enabled = 1;
							};
						};
					};
					D2A649251D79AF2100ACDF85 = {
						CreatedOnToolsVersion = 7.3.1;
						LastSwiftMigration = 0800;
						TestTargetID = D2A6490E1D79AF2100ACDF85;
					};
					D2A649301D79AF2100ACDF85 = {
						CreatedOnToolsVersion = 7.3.1;
						LastSwiftMigration = 0800;
						TestTargetID = D2A6490E1D79AF2100ACDF85;
					};
				};
			};
			buildConfigurationList = D2A6490A1D79AF2100ACDF85 /* Build configuration list for PBXProject "TrailLocator" */;
			compatibilityVersion = "Xcode 3.2";
			developmentRegion = English;
			hasScannedForEncodings = 0;
			knownRegions = (
				en,
				Base,
			);
			mainGroup = D2A649061D79AF2100ACDF85;
			productRefGroup = D2A649101D79AF2100ACDF85 /* Products */;
			projectDirPath = "";
			projectRoot = "";
			targets = (
				D2A6490E1D79AF2100ACDF85 /* TrailLocator */,
				D2A649251D79AF2100ACDF85 /* TrailLocatorTests */,
				D2A649301D79AF2100ACDF85 /* TrailLocatorUITests */,
			);
		};
/* End PBXProject section */

/* Begin PBXResourcesBuildPhase section */
		D2A6490D1D79AF2100ACDF85 /* Resources */ = {
			isa = PBXResourcesBuildPhase;
			buildActionMask = 2147483647;
			files = (
				D29891BB1DCB8CF200DE718F /* Cocogoose Letterpress.ttf in Resources */,
				D2A649791D79B4E800ACDF85 /* SettingsCell.xib in Resources */,
				D2A6497E1D79BA0200ACDF85 /* GoogleService-Info.plist in Resources */,
				D2A649201D79AF2100ACDF85 /* LaunchScreen.storyboard in Resources */,
				D2A6491D1D79AF2100ACDF85 /* Assets.xcassets in Resources */,
				D2A649751D79B4D500ACDF85 /* CustomCell.xib in Resources */,
				D2A649181D79AF2100ACDF85 /* Main.storyboard in Resources */,
				D2A649771D79B4DD00ACDF85 /* DetailCell.xib in Resources */,
			);
			runOnlyForDeploymentPostprocessing = 0;
		};
		D2A649241D79AF2100ACDF85 /* Resources */ = {
			isa = PBXResourcesBuildPhase;
			buildActionMask = 2147483647;
			files = (
			);
			runOnlyForDeploymentPostprocessing = 0;
		};
		D2A6492F1D79AF2100ACDF85 /* Resources */ = {
			isa = PBXResourcesBuildPhase;
			buildActionMask = 2147483647;
			files = (
			);
			runOnlyForDeploymentPostprocessing = 0;
		};
/* End PBXResourcesBuildPhase section */

/* Begin PBXShellScriptBuildPhase section */
		0E2161F4DD20EC47FAAB116B /* [CP] Check Pods Manifest.lock */ = {
			isa = PBXShellScriptBuildPhase;
			buildActionMask = 2147483647;
			files = (
			);
			inputPaths = (
			);
			name = "[CP] Check Pods Manifest.lock";
			outputPaths = (
			);
			runOnlyForDeploymentPostprocessing = 0;
			shellPath = /bin/sh;
			shellScript = "diff \"${PODS_ROOT}/../Podfile.lock\" \"${PODS_ROOT}/Manifest.lock\" > /dev/null\nif [[ $? != 0 ]] ; then\n    cat << EOM\nerror: The sandbox is not in sync with the Podfile.lock. Run 'pod install' or update your CocoaPods installation.\nEOM\n    exit 1\nfi\n";
			showEnvVarsInLog = 0;
		};
		1F75FBF35C64465C1786C939 /* [CP] Embed Pods Frameworks */ = {
			isa = PBXShellScriptBuildPhase;
			buildActionMask = 2147483647;
			files = (
			);
			inputPaths = (
			);
			name = "[CP] Embed Pods Frameworks";
			outputPaths = (
			);
			runOnlyForDeploymentPostprocessing = 0;
			shellPath = /bin/sh;
			shellScript = "\"${SRCROOT}/Pods/Target Support Files/Pods-TrailLocatorTests/Pods-TrailLocatorTests-frameworks.sh\"\n";
			showEnvVarsInLog = 0;
		};
		2378A9ABD2849F616D769502 /* [CP] Copy Pods Resources */ = {
			isa = PBXShellScriptBuildPhase;
			buildActionMask = 2147483647;
			files = (
			);
			inputPaths = (
			);
			name = "[CP] Copy Pods Resources";
			outputPaths = (
			);
			runOnlyForDeploymentPostprocessing = 0;
			shellPath = /bin/sh;
			shellScript = "\"${SRCROOT}/Pods/Target Support Files/Pods-TrailLocator/Pods-TrailLocator-resources.sh\"\n";
			showEnvVarsInLog = 0;
		};
		6299B5531D2B6389770CE39D /* [CP] Embed Pods Frameworks */ = {
			isa = PBXShellScriptBuildPhase;
			buildActionMask = 2147483647;
			files = (
			);
			inputPaths = (
			);
			name = "[CP] Embed Pods Frameworks";
			outputPaths = (
			);
			runOnlyForDeploymentPostprocessing = 0;
			shellPath = /bin/sh;
			shellScript = "\"${SRCROOT}/Pods/Target Support Files/Pods-TrailLocator/Pods-TrailLocator-frameworks.sh\"\n";
			showEnvVarsInLog = 0;
		};
		8E6B2514855204398B12E885 /* [CP] Copy Pods Resources */ = {
			isa = PBXShellScriptBuildPhase;
			buildActionMask = 2147483647;
			files = (
			);
			inputPaths = (
			);
			name = "[CP] Copy Pods Resources";
			outputPaths = (
			);
			runOnlyForDeploymentPostprocessing = 0;
			shellPath = /bin/sh;
			shellScript = "\"${SRCROOT}/Pods/Target Support Files/Pods-TrailLocatorUITests/Pods-TrailLocatorUITests-resources.sh\"\n";
			showEnvVarsInLog = 0;
		};
		8F4CDD742D2882D9F894E60B /* [CP] Check Pods Manifest.lock */ = {
			isa = PBXShellScriptBuildPhase;
			buildActionMask = 2147483647;
			files = (
			);
			inputPaths = (
			);
			name = "[CP] Check Pods Manifest.lock";
			outputPaths = (
			);
			runOnlyForDeploymentPostprocessing = 0;
			shellPath = /bin/sh;
			shellScript = "diff \"${PODS_ROOT}/../Podfile.lock\" \"${PODS_ROOT}/Manifest.lock\" > /dev/null\nif [[ $? != 0 ]] ; then\n    cat << EOM\nerror: The sandbox is not in sync with the Podfile.lock. Run 'pod install' or update your CocoaPods installation.\nEOM\n    exit 1\nfi\n";
			showEnvVarsInLog = 0;
		};
		A45AE3DECF25C6165F0C0DFF /* [CP] Copy Pods Resources */ = {
			isa = PBXShellScriptBuildPhase;
			buildActionMask = 2147483647;
			files = (
			);
			inputPaths = (
			);
			name = "[CP] Copy Pods Resources";
			outputPaths = (
			);
			runOnlyForDeploymentPostprocessing = 0;
			shellPath = /bin/sh;
			shellScript = "\"${SRCROOT}/Pods/Target Support Files/Pods-TrailLocatorTests/Pods-TrailLocatorTests-resources.sh\"\n";
			showEnvVarsInLog = 0;
		};
		BA65594F95548A1A04C9C4C3 /* [CP] Check Pods Manifest.lock */ = {
			isa = PBXShellScriptBuildPhase;
			buildActionMask = 2147483647;
			files = (
			);
			inputPaths = (
			);
			name = "[CP] Check Pods Manifest.lock";
			outputPaths = (
			);
			runOnlyForDeploymentPostprocessing = 0;
			shellPath = /bin/sh;
			shellScript = "diff \"${PODS_ROOT}/../Podfile.lock\" \"${PODS_ROOT}/Manifest.lock\" > /dev/null\nif [[ $? != 0 ]] ; then\n    cat << EOM\nerror: The sandbox is not in sync with the Podfile.lock. Run 'pod install' or update your CocoaPods installation.\nEOM\n    exit 1\nfi\n";
			showEnvVarsInLog = 0;
		};
/* End PBXShellScriptBuildPhase section */

/* Begin PBXSourcesBuildPhase section */
		D2A6490B1D79AF2100ACDF85 /* Sources */ = {
			isa = PBXSourcesBuildPhase;
			buildActionMask = 2147483647;
			files = (
				D2A6494B1D79B20F00ACDF85 /* String + extensions.swift in Sources */,
				D2A6496E1D79B42100ACDF85 /* CustomCell.swift in Sources */,
				D2A649641D79B38C00ACDF85 /* TableViewController.swift in Sources */,
				D2A6496A1D79B3C100ACDF85 /* WebViewController.swift in Sources */,
				D25FAC131DB43374001860A0 /* MakeTrailArray.swift in Sources */,
				D2A6491B1D79AF2100ACDF85 /* TrailLocator.xcdatamodeld in Sources */,
				D2B5290E1DEE077B00510BDE /* UIView+extensions.swift in Sources */,
				D2A649681D79B3B500ACDF85 /* SettingsViewController.swift in Sources */,
				D2A649701D79B42F00ACDF85 /* DetailCell.swift in Sources */,
				D2A6495C1D79B2FC00ACDF85 /* TrailDict.swift in Sources */,
				D2A649531D79B22B00ACDF85 /* UIColor + Extensions.swift in Sources */,
				D2C71C261D8DCAC40093BA81 /* FirebaseAuth.swift in Sources */,
				D2AC10DC1DE5F3F800CFC8BF /* Constants.swift in Sources */,
				D27E6F301D87575C00F5B48C /* Stack.swift in Sources */,
				D2A198E81DE647840008CCC3 /* ProfileViewController.swift in Sources */,
				D2A649721D79B43E00ACDF85 /* SettingsCell.swift in Sources */,
				D25FAC111DB42EF0001860A0 /* Parser.swift in Sources */,
				D2A649451D79B1ED00ACDF85 /* Reachable.swift in Sources */,
				D27E6F341D87593E00F5B48C /* Person.swift in Sources */,
				D2CAC3F01D7EFB920017E909 /* RegisterViewController.swift in Sources */,
				D2A198EA1DE649E30008CCC3 /* AddTrailViewController.swift in Sources */,
				D2A649661D79B39C00ACDF85 /* DetailTableView.swift in Sources */,
				D2A649511D79B22400ACDF85 /* MapTrail.swift in Sources */,
				D27E6F371D8759D200F5B48C /* SaveAndFetch.swift in Sources */,
				D2A6494F1D79B21B00ACDF85 /* PropertySorter.swift in Sources */,
				D2A649131D79AF2100ACDF85 /* AppDelegate.swift in Sources */,
				D25FAC0F1DB42AD9001860A0 /* APIService.swift in Sources */,
				D2A6494D1D79B21500ACDF85 /* UIImageView+Extensions.swift in Sources */,
				D2A6497C1D79B8A800ACDF85 /* FirebaseCalls.swift in Sources */,
				D2A6496C1D79B3F400ACDF85 /* ConfigureCell.swift in Sources */,
				D2A649491D79B20000ACDF85 /* JsonDigger.swift in Sources */,
			);
			runOnlyForDeploymentPostprocessing = 0;
		};
		D2A649221D79AF2100ACDF85 /* Sources */ = {
			isa = PBXSourcesBuildPhase;
			buildActionMask = 2147483647;
			files = (
				D2A6492B1D79AF2100ACDF85 /* TrailLocatorTests.swift in Sources */,
			);
			runOnlyForDeploymentPostprocessing = 0;
		};
		D2A6492D1D79AF2100ACDF85 /* Sources */ = {
			isa = PBXSourcesBuildPhase;
			buildActionMask = 2147483647;
			files = (
				D2A649361D79AF2100ACDF85 /* TrailLocatorUITests.swift in Sources */,
			);
			runOnlyForDeploymentPostprocessing = 0;
		};
/* End PBXSourcesBuildPhase section */

/* Begin PBXTargetDependency section */
		D2A649281D79AF2100ACDF85 /* PBXTargetDependency */ = {
			isa = PBXTargetDependency;
			target = D2A6490E1D79AF2100ACDF85 /* TrailLocator */;
			targetProxy = D2A649271D79AF2100ACDF85 /* PBXContainerItemProxy */;
		};
		D2A649331D79AF2100ACDF85 /* PBXTargetDependency */ = {
			isa = PBXTargetDependency;
			target = D2A6490E1D79AF2100ACDF85 /* TrailLocator */;
			targetProxy = D2A649321D79AF2100ACDF85 /* PBXContainerItemProxy */;
		};
/* End PBXTargetDependency section */

/* Begin PBXVariantGroup section */
		D2A649161D79AF2100ACDF85 /* Main.storyboard */ = {
			isa = PBXVariantGroup;
			children = (
				D2A649171D79AF2100ACDF85 /* Base */,
			);
			name = Main.storyboard;
			sourceTree = "<group>";
		};
		D2A6491E1D79AF2100ACDF85 /* LaunchScreen.storyboard */ = {
			isa = PBXVariantGroup;
			children = (
				D2A6491F1D79AF2100ACDF85 /* Base */,
			);
			name = LaunchScreen.storyboard;
			sourceTree = "<group>";
		};
/* End PBXVariantGroup section */

/* Begin XCBuildConfiguration section */
		D2A649381D79AF2100ACDF85 /* Debug */ = {
			isa = XCBuildConfiguration;
			buildSettings = {
				ALWAYS_SEARCH_USER_PATHS = NO;
				CLANG_ANALYZER_NONNULL = YES;
				CLANG_CXX_LANGUAGE_STANDARD = "gnu++0x";
				CLANG_CXX_LIBRARY = "libc++";
				CLANG_ENABLE_MODULES = YES;
				CLANG_ENABLE_OBJC_ARC = YES;
				CLANG_WARN_BOOL_CONVERSION = YES;
				CLANG_WARN_CONSTANT_CONVERSION = YES;
				CLANG_WARN_DIRECT_OBJC_ISA_USAGE = YES_ERROR;
				CLANG_WARN_EMPTY_BODY = YES;
				CLANG_WARN_ENUM_CONVERSION = YES;
				CLANG_WARN_INFINITE_RECURSION = YES;
				CLANG_WARN_INT_CONVERSION = YES;
				CLANG_WARN_OBJC_ROOT_CLASS = YES_ERROR;
				CLANG_WARN_SUSPICIOUS_MOVE = YES;
				CLANG_WARN_UNREACHABLE_CODE = YES;
				CLANG_WARN__DUPLICATE_METHOD_MATCH = YES;
				"CODE_SIGN_IDENTITY[sdk=iphoneos*]" = "iPhone Developer";
				COPY_PHASE_STRIP = NO;
				DEBUG_INFORMATION_FORMAT = dwarf;
				ENABLE_STRICT_OBJC_MSGSEND = YES;
				ENABLE_TESTABILITY = YES;
				GCC_C_LANGUAGE_STANDARD = gnu99;
				GCC_DYNAMIC_NO_PIC = NO;
				GCC_NO_COMMON_BLOCKS = YES;
				GCC_OPTIMIZATION_LEVEL = 0;
				GCC_PREPROCESSOR_DEFINITIONS = (
					"DEBUG=1",
					"$(inherited)",
				);
				GCC_WARN_64_TO_32_BIT_CONVERSION = YES;
				GCC_WARN_ABOUT_RETURN_TYPE = YES_ERROR;
				GCC_WARN_UNDECLARED_SELECTOR = YES;
				GCC_WARN_UNINITIALIZED_AUTOS = YES_AGGRESSIVE;
				GCC_WARN_UNUSED_FUNCTION = YES;
				GCC_WARN_UNUSED_VARIABLE = YES;
				IPHONEOS_DEPLOYMENT_TARGET = 9.3;
				MTL_ENABLE_DEBUG_INFO = YES;
				ONLY_ACTIVE_ARCH = YES;
				SDKROOT = iphoneos;
				SWIFT_OPTIMIZATION_LEVEL = "-Onone";
				TARGETED_DEVICE_FAMILY = "1,2";
			};
			name = Debug;
		};
		D2A649391D79AF2100ACDF85 /* Release */ = {
			isa = XCBuildConfiguration;
			buildSettings = {
				ALWAYS_SEARCH_USER_PATHS = NO;
				CLANG_ANALYZER_NONNULL = YES;
				CLANG_CXX_LANGUAGE_STANDARD = "gnu++0x";
				CLANG_CXX_LIBRARY = "libc++";
				CLANG_ENABLE_MODULES = YES;
				CLANG_ENABLE_OBJC_ARC = YES;
				CLANG_WARN_BOOL_CONVERSION = YES;
				CLANG_WARN_CONSTANT_CONVERSION = YES;
				CLANG_WARN_DIRECT_OBJC_ISA_USAGE = YES_ERROR;
				CLANG_WARN_EMPTY_BODY = YES;
				CLANG_WARN_ENUM_CONVERSION = YES;
				CLANG_WARN_INFINITE_RECURSION = YES;
				CLANG_WARN_INT_CONVERSION = YES;
				CLANG_WARN_OBJC_ROOT_CLASS = YES_ERROR;
				CLANG_WARN_SUSPICIOUS_MOVE = YES;
				CLANG_WARN_UNREACHABLE_CODE = YES;
				CLANG_WARN__DUPLICATE_METHOD_MATCH = YES;
				"CODE_SIGN_IDENTITY[sdk=iphoneos*]" = "iPhone Developer";
				COPY_PHASE_STRIP = NO;
				DEBUG_INFORMATION_FORMAT = "dwarf-with-dsym";
				ENABLE_NS_ASSERTIONS = NO;
				ENABLE_STRICT_OBJC_MSGSEND = YES;
				GCC_C_LANGUAGE_STANDARD = gnu99;
				GCC_NO_COMMON_BLOCKS = YES;
				GCC_WARN_64_TO_32_BIT_CONVERSION = YES;
				GCC_WARN_ABOUT_RETURN_TYPE = YES_ERROR;
				GCC_WARN_UNDECLARED_SELECTOR = YES;
				GCC_WARN_UNINITIALIZED_AUTOS = YES_AGGRESSIVE;
				GCC_WARN_UNUSED_FUNCTION = YES;
				GCC_WARN_UNUSED_VARIABLE = YES;
				IPHONEOS_DEPLOYMENT_TARGET = 9.3;
				MTL_ENABLE_DEBUG_INFO = NO;
				SDKROOT = iphoneos;
				SWIFT_OPTIMIZATION_LEVEL = "-Owholemodule";
				TARGETED_DEVICE_FAMILY = "1,2";
				VALIDATE_PRODUCT = YES;
			};
			name = Release;
		};
		D2A6493B1D79AF2100ACDF85 /* Debug */ = {
			isa = XCBuildConfiguration;
			baseConfigurationReference = 0035F1510C6568863E2E11A9 /* Pods-TrailLocator.debug.xcconfig */;
			buildSettings = {
				ASSETCATALOG_COMPILER_APPICON_NAME = AppIcon;
				CLANG_ENABLE_MODULES = YES;
				CODE_SIGN_ENTITLEMENTS = TrailLocator/TrailLocator.entitlements;
				DEVELOPMENT_TEAM = 5XL94NV2G5;
				INFOPLIST_FILE = TrailLocator/Info.plist;
				LD_RUNPATH_SEARCH_PATHS = "$(inherited) @executable_path/Frameworks";
				PRODUCT_BUNDLE_IDENTIFIER = com..FindMyTrail;
				PRODUCT_NAME = "$(TARGET_NAME)";
				SWIFT_OBJC_BRIDGING_HEADER = "TrailLocator/TrailLocator-Bridging-Header.h";
				SWIFT_OPTIMIZATION_LEVEL = "-Onone";
				SWIFT_VERSION = 3.0;
			};
			name = Debug;
		};
		D2A6493C1D79AF2100ACDF85 /* Release */ = {
			isa = XCBuildConfiguration;
			baseConfigurationReference = 55483331993F358EF5F8670F /* Pods-TrailLocator.release.xcconfig */;
			buildSettings = {
				ASSETCATALOG_COMPILER_APPICON_NAME = AppIcon;
				CLANG_ENABLE_MODULES = YES;
				CODE_SIGN_ENTITLEMENTS = TrailLocator/TrailLocator.entitlements;
				DEVELOPMENT_TEAM = 5XL94NV2G5;
				INFOPLIST_FILE = TrailLocator/Info.plist;
				LD_RUNPATH_SEARCH_PATHS = "$(inherited) @executable_path/Frameworks";
				PRODUCT_BUNDLE_IDENTIFIER = com..FindMyTrail;
				PRODUCT_NAME = "$(TARGET_NAME)";
				SWIFT_OBJC_BRIDGING_HEADER = "TrailLocator/TrailLocator-Bridging-Header.h";
				SWIFT_VERSION = 3.0;
			};
			name = Release;
		};
		D2A6493E1D79AF2100ACDF85 /* Debug */ = {
			isa = XCBuildConfiguration;
			buildSettings = {
				BUNDLE_LOADER = "$(TEST_HOST)";
				INFOPLIST_FILE = TrailLocatorTests/Info.plist;
				LD_RUNPATH_SEARCH_PATHS = "$(inherited) @executable_path/Frameworks @loader_path/Frameworks";
				PRODUCT_BUNDLE_IDENTIFIER = clickHereLabs.TrailLocatorTests;
				PRODUCT_NAME = "$(TARGET_NAME)";
				SWIFT_VERSION = 3.0;
				TEST_HOST = "$(BUILT_PRODUCTS_DIR)/TrailLocator.app/TrailLocator";
			};
			name = Debug;
		};
		D2A6493F1D79AF2100ACDF85 /* Release */ = {
			isa = XCBuildConfiguration;
			buildSettings = {
				BUNDLE_LOADER = "$(TEST_HOST)";
				INFOPLIST_FILE = TrailLocatorTests/Info.plist;
				LD_RUNPATH_SEARCH_PATHS = "$(inherited) @executable_path/Frameworks @loader_path/Frameworks";
				PRODUCT_BUNDLE_IDENTIFIER = clickHereLabs.TrailLocatorTests;
				PRODUCT_NAME = "$(TARGET_NAME)";
				SWIFT_VERSION = 3.0;
				TEST_HOST = "$(BUILT_PRODUCTS_DIR)/TrailLocator.app/TrailLocator";
			};
			name = Release;
		};
		D2A649411D79AF2100ACDF85 /* Debug */ = {
			isa = XCBuildConfiguration;
			buildSettings = {
				INFOPLIST_FILE = TrailLocatorUITests/Info.plist;
				LD_RUNPATH_SEARCH_PATHS = "$(inherited) @executable_path/Frameworks @loader_path/Frameworks";
				PRODUCT_BUNDLE_IDENTIFIER = clickHereLabs.TrailLocatorUITests;
				PRODUCT_NAME = "$(TARGET_NAME)";
				SWIFT_VERSION = 3.0;
				TEST_TARGET_NAME = TrailLocator;
			};
			name = Debug;
		};
		D2A649421D79AF2100ACDF85 /* Release */ = {
			isa = XCBuildConfiguration;
			buildSettings = {
				INFOPLIST_FILE = TrailLocatorUITests/Info.plist;
				LD_RUNPATH_SEARCH_PATHS = "$(inherited) @executable_path/Frameworks @loader_path/Frameworks";
				PRODUCT_BUNDLE_IDENTIFIER = clickHereLabs.TrailLocatorUITests;
				PRODUCT_NAME = "$(TARGET_NAME)";
				SWIFT_VERSION = 3.0;
				TEST_TARGET_NAME = TrailLocator;
			};
			name = Release;
		};
/* End XCBuildConfiguration section */

/* Begin XCConfigurationList section */
		D2A6490A1D79AF2100ACDF85 /* Build configuration list for PBXProject "TrailLocator" */ = {
			isa = XCConfigurationList;
			buildConfigurations = (
				D2A649381D79AF2100ACDF85 /* Debug */,
				D2A649391D79AF2100ACDF85 /* Release */,
			);
			defaultConfigurationIsVisible = 0;
			defaultConfigurationName = Release;
		};
		D2A6493A1D79AF2100ACDF85 /* Build configuration list for PBXNativeTarget "TrailLocator" */ = {
			isa = XCConfigurationList;
			buildConfigurations = (
				D2A6493B1D79AF2100ACDF85 /* Debug */,
				D2A6493C1D79AF2100ACDF85 /* Release */,
			);
			defaultConfigurationIsVisible = 0;
			defaultConfigurationName = Release;
		};
		D2A6493D1D79AF2100ACDF85 /* Build configuration list for PBXNativeTarget "TrailLocatorTests" */ = {
			isa = XCConfigurationList;
			buildConfigurations = (
				D2A6493E1D79AF2100ACDF85 /* Debug */,
				D2A6493F1D79AF2100ACDF85 /* Release */,
			);
			defaultConfigurationIsVisible = 0;
			defaultConfigurationName = Release;
		};
		D2A649401D79AF2100ACDF85 /* Build configuration list for PBXNativeTarget "TrailLocatorUITests" */ = {
			isa = XCConfigurationList;
			buildConfigurations = (
				D2A649411D79AF2100ACDF85 /* Debug */,
				D2A649421D79AF2100ACDF85 /* Release */,
			);
			defaultConfigurationIsVisible = 0;
			defaultConfigurationName = Release;
		};
/* End XCConfigurationList section */

/* Begin XCVersionGroup section */
		D2A649191D79AF2100ACDF85 /* TrailLocator.xcdatamodeld */ = {
			isa = XCVersionGroup;
			children = (
				D2A6491A1D79AF2100ACDF85 /* TrailLocator.xcdatamodel */,
			);
			currentVersion = D2A6491A1D79AF2100ACDF85 /* TrailLocator.xcdatamodel */;
			path = TrailLocator.xcdatamodeld;
			sourceTree = "<group>";
			versionGroupType = wrapper.xcdatamodel;
		};
/* End XCVersionGroup section */
	};
	rootObject = D2A649071D79AF2100ACDF85 /* Project object */;
}
